{
  "version": 4,
  "terraform_version": "0.14.9",
  "serial": 50,
  "lineage": "9a17a4a2-026a-1302-19f8-02e608ac477c",
  "outputs": {
    "aws-ami-ids": {
      "value": "ami-090fa75af13c156b4",
      "type": "string"
    }
  },
  "resources": [
    {
      "mode": "data",
      "type": "aws_ami",
      "name": "amazon-ami-image",
      "provider": "provider[\"registry.terraform.io/hashicorp/aws\"]",
      "instances": [
        {
          "schema_version": 0,
          "attributes": {
            "architecture": "x86_64",
            "arn": "arn:aws:ec2:us-east-1::image/ami-090fa75af13c156b4",
            "block_device_mappings": [
              {
                "device_name": "/dev/xvda",
                "ebs": {
                  "delete_on_termination": "true",
                  "encrypted": "false",
                  "iops": "0",
                  "snapshot_id": "snap-093a80cf5f85fc291",
                  "throughput": "0",
                  "volume_size": "8",
                  "volume_type": "gp2"
                },
                "no_device": "",
                "virtual_name": ""
              }
            ],
            "boot_mode": "",
            "creation_date": "2022-07-22T23:09:56.000Z",
            "deprecation_time": "2024-07-22T23:09:56.000Z",
            "description": "Amazon Linux 2 Kernel 5.10 AMI 2.0.20220719.0 x86_64 HVM gp2",
            "ena_support": true,
            "executable_users": null,
            "filter": [
              {
                "name": "name",
                "values": [
                  "amzn2-ami-kernel-*-x86_64-gp2"
                ]
              },
              {
                "name": "virtualization-type",
                "values": [
                  "hvm"
                ]
              }
            ],
            "hypervisor": "xen",
            "id": "ami-090fa75af13c156b4",
            "image_id": "ami-090fa75af13c156b4",
            "image_location": "amazon/amzn2-ami-kernel-5.10-hvm-2.0.20220719.0-x86_64-gp2",
            "image_owner_alias": "amazon",
            "image_type": "machine",
            "include_deprecated": false,
            "kernel_id": "",
            "most_recent": true,
            "name": "amzn2-ami-kernel-5.10-hvm-2.0.20220719.0-x86_64-gp2",
            "name_regex": null,
            "owner_id": "137112412989",
            "owners": [
              "amazon"
            ],
            "platform": "",
            "platform_details": "Linux/UNIX",
            "product_codes": [],
            "public": true,
            "ramdisk_id": "",
            "root_device_name": "/dev/xvda",
            "root_device_type": "ebs",
            "root_snapshot_id": "snap-093a80cf5f85fc291",
            "sriov_net_support": "simple",
            "state": "available",
            "state_reason": {
              "code": "UNSET",
              "message": "UNSET"
            },
            "tags": {},
            "timeouts": null,
            "tpm_support": "",
            "usage_operation": "RunInstances",
            "virtualization_type": "hvm"
          },
          "sensitive_attributes": []
        }
      ]
    },
    {
      "mode": "managed",
      "type": "aws_default_route_table",
      "name": "main-rtb",
      "provider": "provider[\"registry.terraform.io/hashicorp/aws\"]",
      "instances": [
        {
          "schema_version": 0,
          "attributes": {
            "arn": "arn:aws:ec2:us-east-1:669738030904:route-table/rtb-0c2aa9433ee2ff1e6",
            "default_route_table_id": "rtb-0c2aa9433ee2ff1e6",
            "id": "rtb-0c2aa9433ee2ff1e6",
            "owner_id": "669738030904",
            "propagating_vgws": [],
            "route": [
              {
                "cidr_block": "0.0.0.0/0",
                "core_network_arn": "",
                "destination_prefix_list_id": "",
                "egress_only_gateway_id": "",
                "gateway_id": "igw-003c43de52dbbc483",
                "instance_id": "",
                "ipv6_cidr_block": "",
                "nat_gateway_id": "",
                "network_interface_id": "",
                "transit_gateway_id": "",
                "vpc_endpoint_id": "",
                "vpc_peering_connection_id": ""
              }
            ],
            "tags": {
              "Name": "Dev-main-rtb"
            },
            "tags_all": {
              "Name": "Dev-main-rtb"
            },
            "timeouts": null,
            "vpc_id": "vpc-0a721cb11cbe2ff3d"
          },
          "sensitive_attributes": [],
          "private": "eyJlMmJmYjczMC1lY2FhLTExZTYtOGY4OC0zNDM2M2JjN2M0YzAiOnsiY3JlYXRlIjoxMjAwMDAwMDAwMDAsInVwZGF0ZSI6MTIwMDAwMDAwMDAwfX0=",
          "dependencies": [
            "aws_internet_gateway.myapp-igw",
            "aws_vpc.myapp-vpc"
          ]
        }
      ]
    },
    {
      "mode": "managed",
      "type": "aws_default_security_group",
      "name": "default-sg",
      "provider": "provider[\"registry.terraform.io/hashicorp/aws\"]",
      "instances": [
        {
          "schema_version": 1,
          "attributes": {
            "arn": "arn:aws:ec2:us-east-1:669738030904:security-group/sg-092ea93d6f3383d63",
            "description": "default VPC security group",
            "egress": [
              {
                "cidr_blocks": [
                  "0.0.0.0/0"
                ],
                "description": "",
                "from_port": 0,
                "ipv6_cidr_blocks": [],
                "prefix_list_ids": [],
                "protocol": "-1",
                "security_groups": [],
                "self": false,
                "to_port": 0
              }
            ],
            "id": "sg-092ea93d6f3383d63",
            "ingress": [
              {
                "cidr_blocks": [
                  "0.0.0.0/0"
                ],
                "description": "",
                "from_port": 8080,
                "ipv6_cidr_blocks": [],
                "prefix_list_ids": [],
                "protocol": "tcp",
                "security_groups": [],
                "self": false,
                "to_port": 8080
              },
              {
                "cidr_blocks": [
                  "49.205.107.189/32"
                ],
                "description": "",
                "from_port": 22,
                "ipv6_cidr_blocks": [],
                "prefix_list_ids": [],
                "protocol": "tcp",
                "security_groups": [],
                "self": false,
                "to_port": 22
              }
            ],
            "name": "default",
            "name_prefix": "",
            "owner_id": "669738030904",
            "revoke_rules_on_delete": false,
            "tags": {
              "Name": "Dev-default-sg"
            },
            "tags_all": {
              "Name": "Dev-default-sg"
            },
            "vpc_id": "vpc-0a721cb11cbe2ff3d"
          },
          "sensitive_attributes": [],
          "private": "eyJzY2hlbWFfdmVyc2lvbiI6IjEifQ==",
          "dependencies": [
            "aws_vpc.myapp-vpc"
          ]
        }
      ]
    },
    {
      "mode": "managed",
      "type": "aws_internet_gateway",
      "name": "myapp-igw",
      "provider": "provider[\"registry.terraform.io/hashicorp/aws\"]",
      "instances": [
        {
          "schema_version": 0,
          "attributes": {
            "arn": "arn:aws:ec2:us-east-1:669738030904:internet-gateway/igw-003c43de52dbbc483",
            "id": "igw-003c43de52dbbc483",
            "owner_id": "669738030904",
            "tags": {
              "Name": "Dev-igw"
            },
            "tags_all": {
              "Name": "Dev-igw"
            },
            "timeouts": null,
            "vpc_id": "vpc-0a721cb11cbe2ff3d"
          },
          "sensitive_attributes": [],
          "private": "eyJlMmJmYjczMC1lY2FhLTExZTYtOGY4OC0zNDM2M2JjN2M0YzAiOnsiY3JlYXRlIjoxMjAwMDAwMDAwMDAwLCJkZWxldGUiOjEyMDAwMDAwMDAwMDAsInVwZGF0ZSI6MTIwMDAwMDAwMDAwMH19",
          "dependencies": [
            "aws_vpc.myapp-vpc"
          ]
        }
      ]
    },
    {
      "mode": "managed",
      "type": "aws_key_pair",
      "name": "ssh-key",
      "provider": "provider[\"registry.terraform.io/hashicorp/aws\"]",
      "instances": [
        {
          "schema_version": 1,
          "attributes": {
            "arn": "arn:aws:ec2:us-east-1:669738030904:key-pair/server-key",
            "fingerprint": "f3:b6:0f:32:46:c9:91:c3:05:20:66:c2:be:16:d0:ae",
            "id": "server-key",
            "key_name": "server-key",
            "key_name_prefix": "",
            "key_pair_id": "key-0118291e3c8e90ebb",
            "key_type": "rsa",
            "public_key": "ssh-rsa AAAAB3NzaC1yc2EAAAADAQABAAABAQCemA2xSSpi3NwPFZrEw59l787zQEAHa9wdpzw70WnCf9eZ8P1Pjt3gNV5RzOdBHG4jaWLauMYrqwM9UROkkZL2om1AgbIfZEuWM4BiVSgz8PCkoLxzgWXV2KvcHP479WMxvc9dRkTAtEDG7EF+QftrqGgW6mMr50kzVNdQdBMBVbeUeVkCpqoduPc5tU/afc6tHVusL2FdGkVNrr6IycmT2Niuza/rC4GCaj/xgQG/tkokxRLGYKGR/Q7JT5B/o8b1EE93n2HAAv5XCajfHzbUXeErJFwp157s2YgQNeKQGVWP9Xup2OvLLDJ6a48Ciaz7khTZ/1bdP6fl/IHgTNFD gmx\\0013ms744@LAPTOP-4EEKSDG9",
            "tags": {},
            "tags_all": {}
          },
          "sensitive_attributes": [],
          "private": "eyJzY2hlbWFfdmVyc2lvbiI6IjEifQ=="
        }
      ]
    },
    {
      "mode": "managed",
      "type": "aws_subnet",
      "name": "myapp-subnet-1",
      "provider": "provider[\"registry.terraform.io/hashicorp/aws\"]",
      "instances": [
        {
          "schema_version": 1,
          "attributes": {
            "arn": "arn:aws:ec2:us-east-1:669738030904:subnet/subnet-0919f963dffcb58a6",
            "assign_ipv6_address_on_creation": false,
            "availability_zone": "us-east-1b",
            "availability_zone_id": "use1-az1",
            "cidr_block": "10.0.10.0/24",
            "customer_owned_ipv4_pool": "",
            "enable_dns64": false,
            "enable_resource_name_dns_a_record_on_launch": false,
            "enable_resource_name_dns_aaaa_record_on_launch": false,
            "id": "subnet-0919f963dffcb58a6",
            "ipv6_cidr_block": "",
            "ipv6_cidr_block_association_id": "",
            "ipv6_native": false,
            "map_customer_owned_ip_on_launch": false,
            "map_public_ip_on_launch": false,
            "outpost_arn": "",
            "owner_id": "669738030904",
            "private_dns_hostname_type_on_launch": "ip-name",
            "tags": {
              "Name": "Dev-subnet-1"
            },
            "tags_all": {
              "Name": "Dev-subnet-1"
            },
            "timeouts": null,
            "vpc_id": "vpc-0a721cb11cbe2ff3d"
          },
          "sensitive_attributes": [],
          "private": "eyJlMmJmYjczMC1lY2FhLTExZTYtOGY4OC0zNDM2M2JjN2M0YzAiOnsiY3JlYXRlIjo2MDAwMDAwMDAwMDAsImRlbGV0ZSI6MTIwMDAwMDAwMDAwMH0sInNjaGVtYV92ZXJzaW9uIjoiMSJ9",
          "dependencies": [
            "aws_vpc.myapp-vpc"
          ]
        }
      ]
    },
    {
      "mode": "managed",
      "type": "aws_vpc",
      "name": "myapp-vpc",
      "provider": "provider[\"registry.terraform.io/hashicorp/aws\"]",
      "instances": [
        {
          "schema_version": 1,
          "attributes": {
            "arn": "arn:aws:ec2:us-east-1:669738030904:vpc/vpc-0a721cb11cbe2ff3d",
            "assign_generated_ipv6_cidr_block": false,
            "cidr_block": "10.0.0.0/16",
            "default_network_acl_id": "acl-0d614c5fb1c0d02fa",
            "default_route_table_id": "rtb-0c2aa9433ee2ff1e6",
            "default_security_group_id": "sg-092ea93d6f3383d63",
            "dhcp_options_id": "dopt-0a2920126ecdecb14",
            "enable_classiclink": false,
            "enable_classiclink_dns_support": false,
            "enable_dns_hostnames": false,
            "enable_dns_support": true,
            "id": "vpc-0a721cb11cbe2ff3d",
            "instance_tenancy": "default",
            "ipv4_ipam_pool_id": null,
            "ipv4_netmask_length": null,
            "ipv6_association_id": "",
            "ipv6_cidr_block": "",
            "ipv6_cidr_block_network_border_group": "",
            "ipv6_ipam_pool_id": "",
            "ipv6_netmask_length": 0,
            "main_route_table_id": "rtb-0c2aa9433ee2ff1e6",
            "owner_id": "669738030904",
            "tags": {
              "Name": "Dev-vpc"
            },
            "tags_all": {
              "Name": "Dev-vpc"
            }
          },
          "sensitive_attributes": [],
          "private": "eyJzY2hlbWFfdmVyc2lvbiI6IjEifQ=="
        }
      ]
    }
  ]
}
